
Microsoft Visual Studio Solution File, Format Version 12.00
# Visual Studio Version 17
VisualStudioVersion = 17.11.35312.102
MinimumVisualStudioVersion = 10.0.40219.1
Project("{9A19103F-16F7-4668-BE54-9A1E7A4F7556}") = "Core", "Core\Core.csproj", "{44620ADC-9FFA-489A-B5A5-90C5BF7A783D}"
EndProject
Project("{9A19103F-16F7-4668-BE54-9A1E7A4F7556}") = "Produtor", "Produtor\Produtor.csproj", "{17248083-4C95-443B-8A00-A175F662F561}"
EndProject
Global
	GlobalSection(SolutionConfigurationPlatforms) = preSolution
		Debug|Any CPU = Debug|Any CPU
		Release|Any CPU = Release|Any CPU
	EndGlobalSection
	GlobalSection(ProjectConfigurationPlatforms) = postSolution
		{44620ADC-9FFA-489A-B5A5-90C5BF7A783D}.Debug|Any CPU.ActiveCfg = Debug|Any CPU
		{44620ADC-9FFA-489A-B5A5-90C5BF7A783D}.Debug|Any CPU.Build.0 = Debug|Any CPU
		{44620ADC-9FFA-489A-B5A5-90C5BF7A783D}.Release|Any CPU.ActiveCfg = Release|Any CPU
		{44620ADC-9FFA-489A-B5A5-90C5BF7A783D}.Release|Any CPU.Build.0 = Release|Any CPU
		{17248083-4C95-443B-8A00-A175F662F561}.Debug|Any CPU.ActiveCfg = Debug|Any CPU
		{17248083-4C95-443B-8A00-A175F662F561}.Debug|Any CPU.Build.0 = Debug|Any CPU
		{17248083-4C95-443B-8A00-A175F662F561}.Release|Any CPU.ActiveCfg = Release|Any CPU
		{17248083-4C95-443B-8A00-A175F662F561}.Release|Any CPU.Build.0 = Release|Any CPU
	EndGlobalSection
	GlobalSection(SolutionProperties) = preSolution
		HideSolutionNode = FALSE
	EndGlobalSection
	GlobalSection(ExtensibilityGlobals) = postSolution
		SolutionGuid = {A82FD268-FCBF-42FF-9FFA-8B991184A643}
	EndGlobalSection
EndGlobal
